
Microsoft Visual Studio Solution File, Format Version 12.00
# Visual Studio Version 16
VisualStudioVersion = 16.0.29709.97
MinimumVisualStudioVersion = 10.0.40219.1
Project("{FAE04EC0-301F-11D3-BF4B-00C04F79EFBC}") = "Task_2", "Task_2\Task_2.csproj", "{64312970-2868-424D-976C-1FFF393F9CCD}"
EndProject
Project("{FAE04EC0-301F-11D3-BF4B-00C04F79EFBC}") = "MyLib", "MyLib\MyLib.csproj", "{3A83BDC7-61B2-455F-848C-7196B72C4D21}"
EndProject
Global
	GlobalSection(SolutionConfigurationPlatforms) = preSolution
		Debug|Any CPU = Debug|Any CPU
		Release|Any CPU = Release|Any CPU
	EndGlobalSection
	GlobalSection(ProjectConfigurationPlatforms) = postSolution
		{64312970-2868-424D-976C-1FFF393F9CCD}.Debug|Any CPU.ActiveCfg = Debug|Any CPU
		{64312970-2868-424D-976C-1FFF393F9CCD}.Debug|Any CPU.Build.0 = Debug|Any CPU
		{64312970-2868-424D-976C-1FFF393F9CCD}.Release|Any CPU.ActiveCfg = Release|Any CPU
		{64312970-2868-424D-976C-1FFF393F9CCD}.Release|Any CPU.Build.0 = Release|Any CPU
		{3A83BDC7-61B2-455F-848C-7196B72C4D21}.Debug|Any CPU.ActiveCfg = Debug|Any CPU
		{3A83BDC7-61B2-455F-848C-7196B72C4D21}.Debug|Any CPU.Build.0 = Debug|Any CPU
		{3A83BDC7-61B2-455F-848C-7196B72C4D21}.Release|Any CPU.ActiveCfg = Release|Any CPU
		{3A83BDC7-61B2-455F-848C-7196B72C4D21}.Release|Any CPU.Build.0 = Release|Any CPU
	EndGlobalSection
	GlobalSection(SolutionProperties) = preSolution
		HideSolutionNode = FALSE
	EndGlobalSection
	GlobalSection(ExtensibilityGlobals) = postSolution
		SolutionGuid = {903B6545-581E-46AF-8F57-802647D67F45}
	EndGlobalSection
EndGlobal
