
Microsoft Visual Studio Solution File, Format Version 12.00
# Visual Studio Version 16
VisualStudioVersion = 16.0.29926.136
MinimumVisualStudioVersion = 10.0.40219.1
Project("{FAE04EC0-301F-11D3-BF4B-00C04F79EFBC}") = "BinarySerialization", "BinarySerialization\BinarySerialization.csproj", "{161E931B-2B13-4E19-BF58-D9BAAF5A1DB9}"
EndProject
Project("{FAE04EC0-301F-11D3-BF4B-00C04F79EFBC}") = "MyLib", "MyLib\MyLib.csproj", "{BB05430B-F55B-4CFF-8FBA-3964A591A65F}"
EndProject
Project("{FAE04EC0-301F-11D3-BF4B-00C04F79EFBC}") = "XmlSerialization", "XmlSerialization\XmlSerialization.csproj", "{1633FDDD-B15B-4A6D-8CB7-6812E9DACF6C}"
EndProject
Project("{FAE04EC0-301F-11D3-BF4B-00C04F79EFBC}") = "SoapSerialization", "SoapSerialization\SoapSerialization.csproj", "{8DBD0FCB-AA4F-4417-8886-A3597096AE0A}"
EndProject
Project("{FAE04EC0-301F-11D3-BF4B-00C04F79EFBC}") = "JsonSerialization", "JsonSerialization\JsonSerialization.csproj", "{F9012963-B0B0-493F-B8D7-83318DD386EE}"
EndProject
Global
	GlobalSection(SolutionConfigurationPlatforms) = preSolution
		Debug|Any CPU = Debug|Any CPU
		Release|Any CPU = Release|Any CPU
	EndGlobalSection
	GlobalSection(ProjectConfigurationPlatforms) = postSolution
		{161E931B-2B13-4E19-BF58-D9BAAF5A1DB9}.Debug|Any CPU.ActiveCfg = Debug|Any CPU
		{161E931B-2B13-4E19-BF58-D9BAAF5A1DB9}.Debug|Any CPU.Build.0 = Debug|Any CPU
		{161E931B-2B13-4E19-BF58-D9BAAF5A1DB9}.Release|Any CPU.ActiveCfg = Release|Any CPU
		{161E931B-2B13-4E19-BF58-D9BAAF5A1DB9}.Release|Any CPU.Build.0 = Release|Any CPU
		{BB05430B-F55B-4CFF-8FBA-3964A591A65F}.Debug|Any CPU.ActiveCfg = Debug|Any CPU
		{BB05430B-F55B-4CFF-8FBA-3964A591A65F}.Debug|Any CPU.Build.0 = Debug|Any CPU
		{BB05430B-F55B-4CFF-8FBA-3964A591A65F}.Release|Any CPU.ActiveCfg = Release|Any CPU
		{BB05430B-F55B-4CFF-8FBA-3964A591A65F}.Release|Any CPU.Build.0 = Release|Any CPU
		{1633FDDD-B15B-4A6D-8CB7-6812E9DACF6C}.Debug|Any CPU.ActiveCfg = Debug|Any CPU
		{1633FDDD-B15B-4A6D-8CB7-6812E9DACF6C}.Debug|Any CPU.Build.0 = Debug|Any CPU
		{1633FDDD-B15B-4A6D-8CB7-6812E9DACF6C}.Release|Any CPU.ActiveCfg = Release|Any CPU
		{1633FDDD-B15B-4A6D-8CB7-6812E9DACF6C}.Release|Any CPU.Build.0 = Release|Any CPU
		{8DBD0FCB-AA4F-4417-8886-A3597096AE0A}.Debug|Any CPU.ActiveCfg = Debug|Any CPU
		{8DBD0FCB-AA4F-4417-8886-A3597096AE0A}.Debug|Any CPU.Build.0 = Debug|Any CPU
		{8DBD0FCB-AA4F-4417-8886-A3597096AE0A}.Release|Any CPU.ActiveCfg = Release|Any CPU
		{8DBD0FCB-AA4F-4417-8886-A3597096AE0A}.Release|Any CPU.Build.0 = Release|Any CPU
		{F9012963-B0B0-493F-B8D7-83318DD386EE}.Debug|Any CPU.ActiveCfg = Debug|Any CPU
		{F9012963-B0B0-493F-B8D7-83318DD386EE}.Debug|Any CPU.Build.0 = Debug|Any CPU
		{F9012963-B0B0-493F-B8D7-83318DD386EE}.Release|Any CPU.ActiveCfg = Release|Any CPU
		{F9012963-B0B0-493F-B8D7-83318DD386EE}.Release|Any CPU.Build.0 = Release|Any CPU
	EndGlobalSection
	GlobalSection(SolutionProperties) = preSolution
		HideSolutionNode = FALSE
	EndGlobalSection
	GlobalSection(ExtensibilityGlobals) = postSolution
		SolutionGuid = {0B9A5203-7633-4DE0-97C4-71031E5C242E}
	EndGlobalSection
EndGlobal
