
Microsoft Visual Studio Solution File, Format Version 12.00
# Visual Studio Version 16
VisualStudioVersion = 16.0.29709.97
MinimumVisualStudioVersion = 10.0.40219.1
Project("{FAE04EC0-301F-11D3-BF4B-00C04F79EFBC}") = "Task_1", "Task_1\Task_1.csproj", "{5E26009D-0624-45C4-B8B1-B30948B8316A}"
EndProject
Project("{FAE04EC0-301F-11D3-BF4B-00C04F79EFBC}") = "MyLib", "MyLib\MyLib.csproj", "{C3F37864-5EE1-4A73-9D22-ADD267B491E3}"
EndProject
Global
	GlobalSection(SolutionConfigurationPlatforms) = preSolution
		Debug|Any CPU = Debug|Any CPU
		Release|Any CPU = Release|Any CPU
	EndGlobalSection
	GlobalSection(ProjectConfigurationPlatforms) = postSolution
		{5E26009D-0624-45C4-B8B1-B30948B8316A}.Debug|Any CPU.ActiveCfg = Debug|Any CPU
		{5E26009D-0624-45C4-B8B1-B30948B8316A}.Debug|Any CPU.Build.0 = Debug|Any CPU
		{5E26009D-0624-45C4-B8B1-B30948B8316A}.Release|Any CPU.ActiveCfg = Release|Any CPU
		{5E26009D-0624-45C4-B8B1-B30948B8316A}.Release|Any CPU.Build.0 = Release|Any CPU
		{C3F37864-5EE1-4A73-9D22-ADD267B491E3}.Debug|Any CPU.ActiveCfg = Debug|Any CPU
		{C3F37864-5EE1-4A73-9D22-ADD267B491E3}.Debug|Any CPU.Build.0 = Debug|Any CPU
		{C3F37864-5EE1-4A73-9D22-ADD267B491E3}.Release|Any CPU.ActiveCfg = Release|Any CPU
		{C3F37864-5EE1-4A73-9D22-ADD267B491E3}.Release|Any CPU.Build.0 = Release|Any CPU
	EndGlobalSection
	GlobalSection(SolutionProperties) = preSolution
		HideSolutionNode = FALSE
	EndGlobalSection
	GlobalSection(ExtensibilityGlobals) = postSolution
		SolutionGuid = {460C1A66-6DDA-46AD-AD25-A0EEED619700}
	EndGlobalSection
EndGlobal
