
Microsoft Visual Studio Solution File, Format Version 12.00
# Visual Studio Version 16
VisualStudioVersion = 16.0.29728.190
MinimumVisualStudioVersion = 10.0.40219.1
Project("{FAE04EC0-301F-11D3-BF4B-00C04F79EFBC}") = "Task_2", "Task_2\Task_2.csproj", "{0AF6ACF7-00D6-4182-89F0-E42A464F2C3C}"
EndProject
Project("{FAE04EC0-301F-11D3-BF4B-00C04F79EFBC}") = "Figures", "Figures\Figures.csproj", "{6F8B035C-AE59-405A-BDD0-0E1D319681C1}"
EndProject
Global
	GlobalSection(SolutionConfigurationPlatforms) = preSolution
		Debug|Any CPU = Debug|Any CPU
		Release|Any CPU = Release|Any CPU
	EndGlobalSection
	GlobalSection(ProjectConfigurationPlatforms) = postSolution
		{0AF6ACF7-00D6-4182-89F0-E42A464F2C3C}.Debug|Any CPU.ActiveCfg = Debug|Any CPU
		{0AF6ACF7-00D6-4182-89F0-E42A464F2C3C}.Debug|Any CPU.Build.0 = Debug|Any CPU
		{0AF6ACF7-00D6-4182-89F0-E42A464F2C3C}.Release|Any CPU.ActiveCfg = Release|Any CPU
		{0AF6ACF7-00D6-4182-89F0-E42A464F2C3C}.Release|Any CPU.Build.0 = Release|Any CPU
		{6F8B035C-AE59-405A-BDD0-0E1D319681C1}.Debug|Any CPU.ActiveCfg = Debug|Any CPU
		{6F8B035C-AE59-405A-BDD0-0E1D319681C1}.Debug|Any CPU.Build.0 = Debug|Any CPU
		{6F8B035C-AE59-405A-BDD0-0E1D319681C1}.Release|Any CPU.ActiveCfg = Release|Any CPU
		{6F8B035C-AE59-405A-BDD0-0E1D319681C1}.Release|Any CPU.Build.0 = Release|Any CPU
	EndGlobalSection
	GlobalSection(SolutionProperties) = preSolution
		HideSolutionNode = FALSE
	EndGlobalSection
	GlobalSection(ExtensibilityGlobals) = postSolution
		SolutionGuid = {E2C727C6-DD1C-48B8-9D3C-632260C5EF4E}
	EndGlobalSection
EndGlobal
