
Microsoft Visual Studio Solution File, Format Version 12.00
# Visual Studio Version 16
VisualStudioVersion = 16.0.29728.190
MinimumVisualStudioVersion = 10.0.40219.1
Project("{FAE04EC0-301F-11D3-BF4B-00C04F79EFBC}") = "Task_2", "Task_2\Task_2.csproj", "{EE61C4A4-C8BC-4C32-8D4B-432E222B5221}"
EndProject
Project("{FAE04EC0-301F-11D3-BF4B-00C04F79EFBC}") = "MyLib", "MyLib\MyLib.csproj", "{D5BEEC0B-CB9D-4C40-A111-3003E91962DA}"
EndProject
Global
	GlobalSection(SolutionConfigurationPlatforms) = preSolution
		Debug|Any CPU = Debug|Any CPU
		Release|Any CPU = Release|Any CPU
	EndGlobalSection
	GlobalSection(ProjectConfigurationPlatforms) = postSolution
		{EE61C4A4-C8BC-4C32-8D4B-432E222B5221}.Debug|Any CPU.ActiveCfg = Debug|Any CPU
		{EE61C4A4-C8BC-4C32-8D4B-432E222B5221}.Debug|Any CPU.Build.0 = Debug|Any CPU
		{EE61C4A4-C8BC-4C32-8D4B-432E222B5221}.Release|Any CPU.ActiveCfg = Release|Any CPU
		{EE61C4A4-C8BC-4C32-8D4B-432E222B5221}.Release|Any CPU.Build.0 = Release|Any CPU
		{D5BEEC0B-CB9D-4C40-A111-3003E91962DA}.Debug|Any CPU.ActiveCfg = Debug|Any CPU
		{D5BEEC0B-CB9D-4C40-A111-3003E91962DA}.Debug|Any CPU.Build.0 = Debug|Any CPU
		{D5BEEC0B-CB9D-4C40-A111-3003E91962DA}.Release|Any CPU.ActiveCfg = Release|Any CPU
		{D5BEEC0B-CB9D-4C40-A111-3003E91962DA}.Release|Any CPU.Build.0 = Release|Any CPU
	EndGlobalSection
	GlobalSection(SolutionProperties) = preSolution
		HideSolutionNode = FALSE
	EndGlobalSection
	GlobalSection(ExtensibilityGlobals) = postSolution
		SolutionGuid = {717886E2-46C0-4F98-8973-3215470050F6}
	EndGlobalSection
EndGlobal
