
Microsoft Visual Studio Solution File, Format Version 12.00
# Visual Studio Version 16
VisualStudioVersion = 16.0.29728.190
MinimumVisualStudioVersion = 10.0.40219.1
Project("{FAE04EC0-301F-11D3-BF4B-00C04F79EFBC}") = "Task_2", "Task_2\Task_2.csproj", "{B01FC4EB-AD11-4FEB-95A9-52BBAF1DB525}"
EndProject
Project("{FAE04EC0-301F-11D3-BF4B-00C04F79EFBC}") = "MyLib", "MyLib\MyLib.csproj", "{669D44FF-C30A-45FF-87CC-7EA0533D1EBC}"
EndProject
Global
	GlobalSection(SolutionConfigurationPlatforms) = preSolution
		Debug|Any CPU = Debug|Any CPU
		Release|Any CPU = Release|Any CPU
	EndGlobalSection
	GlobalSection(ProjectConfigurationPlatforms) = postSolution
		{B01FC4EB-AD11-4FEB-95A9-52BBAF1DB525}.Debug|Any CPU.ActiveCfg = Debug|Any CPU
		{B01FC4EB-AD11-4FEB-95A9-52BBAF1DB525}.Debug|Any CPU.Build.0 = Debug|Any CPU
		{B01FC4EB-AD11-4FEB-95A9-52BBAF1DB525}.Release|Any CPU.ActiveCfg = Release|Any CPU
		{B01FC4EB-AD11-4FEB-95A9-52BBAF1DB525}.Release|Any CPU.Build.0 = Release|Any CPU
		{669D44FF-C30A-45FF-87CC-7EA0533D1EBC}.Debug|Any CPU.ActiveCfg = Debug|Any CPU
		{669D44FF-C30A-45FF-87CC-7EA0533D1EBC}.Debug|Any CPU.Build.0 = Debug|Any CPU
		{669D44FF-C30A-45FF-87CC-7EA0533D1EBC}.Release|Any CPU.ActiveCfg = Release|Any CPU
		{669D44FF-C30A-45FF-87CC-7EA0533D1EBC}.Release|Any CPU.Build.0 = Release|Any CPU
	EndGlobalSection
	GlobalSection(SolutionProperties) = preSolution
		HideSolutionNode = FALSE
	EndGlobalSection
	GlobalSection(ExtensibilityGlobals) = postSolution
		SolutionGuid = {01382DEE-413C-4E91-9EFC-D83BDF7B1B92}
	EndGlobalSection
EndGlobal
