
Microsoft Visual Studio Solution File, Format Version 12.00
# Visual Studio Version 16
VisualStudioVersion = 16.0.29709.97
MinimumVisualStudioVersion = 10.0.40219.1
Project("{FAE04EC0-301F-11D3-BF4B-00C04F79EFBC}") = "Independent work", "Independent work\Independent work.csproj", "{DCA6C23D-6CE6-4A48-9A13-D3220517D327}"
EndProject
Global
	GlobalSection(SolutionConfigurationPlatforms) = preSolution
		Debug|Any CPU = Debug|Any CPU
		Release|Any CPU = Release|Any CPU
	EndGlobalSection
	GlobalSection(ProjectConfigurationPlatforms) = postSolution
		{DCA6C23D-6CE6-4A48-9A13-D3220517D327}.Debug|Any CPU.ActiveCfg = Debug|Any CPU
		{DCA6C23D-6CE6-4A48-9A13-D3220517D327}.Debug|Any CPU.Build.0 = Debug|Any CPU
		{DCA6C23D-6CE6-4A48-9A13-D3220517D327}.Release|Any CPU.ActiveCfg = Release|Any CPU
		{DCA6C23D-6CE6-4A48-9A13-D3220517D327}.Release|Any CPU.Build.0 = Release|Any CPU
	EndGlobalSection
	GlobalSection(SolutionProperties) = preSolution
		HideSolutionNode = FALSE
	EndGlobalSection
	GlobalSection(ExtensibilityGlobals) = postSolution
		SolutionGuid = {D4FB7E9D-583C-479B-8BA5-DDF536C9EA8E}
	EndGlobalSection
EndGlobal
