
Microsoft Visual Studio Solution File, Format Version 12.00
# Visual Studio Version 16
VisualStudioVersion = 16.0.29709.97
MinimumVisualStudioVersion = 10.0.40219.1
Project("{FAE04EC0-301F-11D3-BF4B-00C04F79EFBC}") = "Task_1", "Task_1\Task_1.csproj", "{24C37129-9601-4B13-AC9A-B260A6B61B26}"
EndProject
Project("{FAE04EC0-301F-11D3-BF4B-00C04F79EFBC}") = "MyLib", "MyLib\MyLib.csproj", "{20227927-6A00-4640-A9A4-74F8AC49672C}"
EndProject
Global
	GlobalSection(SolutionConfigurationPlatforms) = preSolution
		Debug|Any CPU = Debug|Any CPU
		Release|Any CPU = Release|Any CPU
	EndGlobalSection
	GlobalSection(ProjectConfigurationPlatforms) = postSolution
		{24C37129-9601-4B13-AC9A-B260A6B61B26}.Debug|Any CPU.ActiveCfg = Debug|Any CPU
		{24C37129-9601-4B13-AC9A-B260A6B61B26}.Debug|Any CPU.Build.0 = Debug|Any CPU
		{24C37129-9601-4B13-AC9A-B260A6B61B26}.Release|Any CPU.ActiveCfg = Release|Any CPU
		{24C37129-9601-4B13-AC9A-B260A6B61B26}.Release|Any CPU.Build.0 = Release|Any CPU
		{20227927-6A00-4640-A9A4-74F8AC49672C}.Debug|Any CPU.ActiveCfg = Debug|Any CPU
		{20227927-6A00-4640-A9A4-74F8AC49672C}.Debug|Any CPU.Build.0 = Debug|Any CPU
		{20227927-6A00-4640-A9A4-74F8AC49672C}.Release|Any CPU.ActiveCfg = Release|Any CPU
		{20227927-6A00-4640-A9A4-74F8AC49672C}.Release|Any CPU.Build.0 = Release|Any CPU
	EndGlobalSection
	GlobalSection(SolutionProperties) = preSolution
		HideSolutionNode = FALSE
	EndGlobalSection
	GlobalSection(ExtensibilityGlobals) = postSolution
		SolutionGuid = {B35FAA6D-1D83-46E3-A64A-3EF7DA030673}
	EndGlobalSection
EndGlobal
