
Microsoft Visual Studio Solution File, Format Version 12.00
# Visual Studio Version 16
VisualStudioVersion = 16.0.29709.97
MinimumVisualStudioVersion = 10.0.40219.1
Project("{FAE04EC0-301F-11D3-BF4B-00C04F79EFBC}") = "Task_1", "Task_1\Task_1.csproj", "{7213E332-46AE-4FAA-83E1-9F6DF0F406D3}"
EndProject
Global
	GlobalSection(SolutionConfigurationPlatforms) = preSolution
		Debug|Any CPU = Debug|Any CPU
		Release|Any CPU = Release|Any CPU
	EndGlobalSection
	GlobalSection(ProjectConfigurationPlatforms) = postSolution
		{7213E332-46AE-4FAA-83E1-9F6DF0F406D3}.Debug|Any CPU.ActiveCfg = Debug|Any CPU
		{7213E332-46AE-4FAA-83E1-9F6DF0F406D3}.Debug|Any CPU.Build.0 = Debug|Any CPU
		{7213E332-46AE-4FAA-83E1-9F6DF0F406D3}.Release|Any CPU.ActiveCfg = Release|Any CPU
		{7213E332-46AE-4FAA-83E1-9F6DF0F406D3}.Release|Any CPU.Build.0 = Release|Any CPU
	EndGlobalSection
	GlobalSection(SolutionProperties) = preSolution
		HideSolutionNode = FALSE
	EndGlobalSection
	GlobalSection(ExtensibilityGlobals) = postSolution
		SolutionGuid = {AF06E1E7-0183-4846-A3DF-5F251FC72FAC}
	EndGlobalSection
EndGlobal
