
Microsoft Visual Studio Solution File, Format Version 12.00
# Visual Studio Version 16
VisualStudioVersion = 16.0.29911.84
MinimumVisualStudioVersion = 10.0.40219.1
Project("{FAE04EC0-301F-11D3-BF4B-00C04F79EFBC}") = "Task_5", "Task_5\Task_5.csproj", "{A1695D24-45F4-4989-88A4-1BF79C69BE46}"
EndProject
Global
	GlobalSection(SolutionConfigurationPlatforms) = preSolution
		Debug|Any CPU = Debug|Any CPU
		Release|Any CPU = Release|Any CPU
	EndGlobalSection
	GlobalSection(ProjectConfigurationPlatforms) = postSolution
		{A1695D24-45F4-4989-88A4-1BF79C69BE46}.Debug|Any CPU.ActiveCfg = Debug|Any CPU
		{A1695D24-45F4-4989-88A4-1BF79C69BE46}.Debug|Any CPU.Build.0 = Debug|Any CPU
		{A1695D24-45F4-4989-88A4-1BF79C69BE46}.Release|Any CPU.ActiveCfg = Release|Any CPU
		{A1695D24-45F4-4989-88A4-1BF79C69BE46}.Release|Any CPU.Build.0 = Release|Any CPU
	EndGlobalSection
	GlobalSection(SolutionProperties) = preSolution
		HideSolutionNode = FALSE
	EndGlobalSection
	GlobalSection(ExtensibilityGlobals) = postSolution
		SolutionGuid = {85F290E5-D30B-47A7-8B0B-6F895D36B1D3}
	EndGlobalSection
EndGlobal
