
Microsoft Visual Studio Solution File, Format Version 12.00
# Visual Studio Version 16
VisualStudioVersion = 16.0.30011.22
MinimumVisualStudioVersion = 10.0.40219.1
Project("{FAE04EC0-301F-11D3-BF4B-00C04F79EFBC}") = "Sr_29_04_2020", "Sr_29_04_2020\Sr_29_04_2020.csproj", "{0F5A1E3B-484A-4314-AA3A-408C4EF370A4}"
EndProject
Global
	GlobalSection(SolutionConfigurationPlatforms) = preSolution
		Debug|Any CPU = Debug|Any CPU
		Release|Any CPU = Release|Any CPU
	EndGlobalSection
	GlobalSection(ProjectConfigurationPlatforms) = postSolution
		{0F5A1E3B-484A-4314-AA3A-408C4EF370A4}.Debug|Any CPU.ActiveCfg = Debug|Any CPU
		{0F5A1E3B-484A-4314-AA3A-408C4EF370A4}.Debug|Any CPU.Build.0 = Debug|Any CPU
		{0F5A1E3B-484A-4314-AA3A-408C4EF370A4}.Release|Any CPU.ActiveCfg = Release|Any CPU
		{0F5A1E3B-484A-4314-AA3A-408C4EF370A4}.Release|Any CPU.Build.0 = Release|Any CPU
	EndGlobalSection
	GlobalSection(SolutionProperties) = preSolution
		HideSolutionNode = FALSE
	EndGlobalSection
	GlobalSection(ExtensibilityGlobals) = postSolution
		SolutionGuid = {7374F20E-0A12-4D5C-AC47-12252CB2B8BB}
	EndGlobalSection
EndGlobal
