
Microsoft Visual Studio Solution File, Format Version 12.00
# Visual Studio Version 16
VisualStudioVersion = 16.0.30002.166
MinimumVisualStudioVersion = 10.0.40219.1
Project("{FAE04EC0-301F-11D3-BF4B-00C04F79EFBC}") = "Variant_2", "Variant_2\Variant_2.csproj", "{DC82ABA1-BB70-4CB2-B7AE-7F81AD355980}"
EndProject
Global
	GlobalSection(SolutionConfigurationPlatforms) = preSolution
		Debug|Any CPU = Debug|Any CPU
		Release|Any CPU = Release|Any CPU
	EndGlobalSection
	GlobalSection(ProjectConfigurationPlatforms) = postSolution
		{DC82ABA1-BB70-4CB2-B7AE-7F81AD355980}.Debug|Any CPU.ActiveCfg = Debug|Any CPU
		{DC82ABA1-BB70-4CB2-B7AE-7F81AD355980}.Debug|Any CPU.Build.0 = Debug|Any CPU
		{DC82ABA1-BB70-4CB2-B7AE-7F81AD355980}.Release|Any CPU.ActiveCfg = Release|Any CPU
		{DC82ABA1-BB70-4CB2-B7AE-7F81AD355980}.Release|Any CPU.Build.0 = Release|Any CPU
	EndGlobalSection
	GlobalSection(SolutionProperties) = preSolution
		HideSolutionNode = FALSE
	EndGlobalSection
	GlobalSection(ExtensibilityGlobals) = postSolution
		SolutionGuid = {FC7AA16C-96C0-47AD-AD5F-8FCD34DC0F32}
	EndGlobalSection
EndGlobal
