
Microsoft Visual Studio Solution File, Format Version 12.00
# Visual Studio Version 16
VisualStudioVersion = 16.0.29709.97
MinimumVisualStudioVersion = 10.0.40219.1
Project("{FAE04EC0-301F-11D3-BF4B-00C04F79EFBC}") = "Task_2", "Task_2\Task_2.csproj", "{D68BAC0B-21C7-446A-BC24-A00A8C6C6B15}"
EndProject
Global
	GlobalSection(SolutionConfigurationPlatforms) = preSolution
		Debug|Any CPU = Debug|Any CPU
		Release|Any CPU = Release|Any CPU
	EndGlobalSection
	GlobalSection(ProjectConfigurationPlatforms) = postSolution
		{D68BAC0B-21C7-446A-BC24-A00A8C6C6B15}.Debug|Any CPU.ActiveCfg = Debug|Any CPU
		{D68BAC0B-21C7-446A-BC24-A00A8C6C6B15}.Debug|Any CPU.Build.0 = Debug|Any CPU
		{D68BAC0B-21C7-446A-BC24-A00A8C6C6B15}.Release|Any CPU.ActiveCfg = Release|Any CPU
		{D68BAC0B-21C7-446A-BC24-A00A8C6C6B15}.Release|Any CPU.Build.0 = Release|Any CPU
	EndGlobalSection
	GlobalSection(SolutionProperties) = preSolution
		HideSolutionNode = FALSE
	EndGlobalSection
	GlobalSection(ExtensibilityGlobals) = postSolution
		SolutionGuid = {67C1CCDE-D6FA-44B0-B475-B5BDA90817A3}
	EndGlobalSection
EndGlobal
